# THIS IS AN AUTOGENERATED FILE. DO NOT EDIT THIS FILE DIRECTLY.
# yarn lockfile v1


dayjs@^1.9.6:
  version "1.9.6"
  resolved "https://registry.npm.taobao.org/dayjs/download/dayjs-1.9.6.tgz?cache=0&sync_timestamp=1604990379187&other_urls=https%3A%2F%2Fregistry.npm.taobao.org%2Fdayjs%2Fdownload%2Fdayjs-1.9.6.tgz#6f0c77d76ac1ff63720dd1197e5cb87b67943d70"
  integrity sha1-bwx312rB/2NyDdEZfly4e2eUPXA=

echarts@^4.9.0:
  version "4.9.0"
  resolved "https://registry.npm.taobao.org/echarts/download/echarts-4.9.0.tgz#a9b9baa03f03a2a731e6340c55befb57a9e1347d"
  integrity sha1-qbm6oD8Doqcx5jQMVb77V6nhNH0=
  dependencies:
    zrender "4.3.2"

vue@^2.6.12:
  version "2.6.12"
  resolved "https://registry.npm.taobao.org/vue/download/vue-2.6.12.tgz?cache=0&sync_timestamp=1603224263683&other_urls=https%3A%2F%2Fregistry.npm.taobao.org%2Fvue%2Fdownload%2Fvue-2.6.12.tgz#f5ebd4fa6bd2869403e29a896aed4904456c9123"
  integrity sha1-9evU+mvShpQD4pqJau1JBEVskSM=

vuex@^3.5.1:
  version "3.5.1"
  resolved "https://registry.npm.taobao.org/vuex/download/vuex-3.5.1.tgz?cache=0&sync_timestamp=1604065590313&other_urls=https%3A%2F%2Fregistry.npm.taobao.org%2Fvuex%2Fdownload%2Fvuex-3.5.1.tgz#f1b8dcea649bc25254cf4f4358081dbf5da18b3d"
  integrity sha1-8bjc6mSbwlJUz09DWAgdv12hiz0=

zrender@4.3.2:
  version "4.3.2"
  resolved "https://registry.npm.taobao.org/zrender/download/zrender-4.3.2.tgz?cache=0&sync_timestamp=1605029429134&other_urls=https%3A%2F%2Fregistry.npm.taobao.org%2Fzrender%2Fdownload%2Fzrender-4.3.2.tgz#ec7432f9415c82c73584b6b7b8c47e1b016209c6"
  integrity sha1-7HQy+UFcgsc1hLa3uMR+GwFiCcY=
